
Microsoft Visual Studio Solution File, Format Version 12.00
# Visual Studio Version 17
VisualStudioVersion = 17.3.32811.315
MinimumVisualStudioVersion = 10.0.40219.1
Project("{FAE04EC0-301F-11D3-BF4B-00C04F79EFBC}") = "projeto1", "projeto1\projeto1.csproj", "{D285135E-B266-48E5-92B5-6C747BE2E58B}"
EndProject
Global
	GlobalSection(SolutionConfigurationPlatforms) = preSolution
		Debug|Any CPU = Debug|Any CPU
		Release|Any CPU = Release|Any CPU
	EndGlobalSection
	GlobalSection(ProjectConfigurationPlatforms) = postSolution
		{D285135E-B266-48E5-92B5-6C747BE2E58B}.Debug|Any CPU.ActiveCfg = Debug|Any CPU
		{D285135E-B266-48E5-92B5-6C747BE2E58B}.Debug|Any CPU.Build.0 = Debug|Any CPU
		{D285135E-B266-48E5-92B5-6C747BE2E58B}.Release|Any CPU.ActiveCfg = Release|Any CPU
		{D285135E-B266-48E5-92B5-6C747BE2E58B}.Release|Any CPU.Build.0 = Release|Any CPU
	EndGlobalSection
	GlobalSection(SolutionProperties) = preSolution
		HideSolutionNode = FALSE
	EndGlobalSection
	GlobalSection(ExtensibilityGlobals) = postSolution
		SolutionGuid = {C62BA335-3880-4C8F-9B33-8863114221D4}
	EndGlobalSection
EndGlobal
